
Microsoft Visual Studio Solution File, Format Version 12.00
# Visual Studio Version 17
VisualStudioVersion = 17.1.32328.378
MinimumVisualStudioVersion = 10.0.40219.1
Project("{FAE04EC0-301F-11D3-BF4B-00C04F79EFBC}") = "ConsoleBoilerplate", "ConsoleBoilerplate\ConsoleBoilerplate.csproj", "{2A493D9B-69BB-4617-AFC5-7CAF4926946F}"
EndProject
Project("{FAE04EC0-301F-11D3-BF4B-00C04F79EFBC}") = "ConsoleBoilerplate.Tests", "ConsoleBoilerplate.Tests\ConsoleBoilerplate.Tests.csproj", "{CEBE4EDE-A1A7-4B7A-AB78-B929BC07C7BE}"
EndProject
Global
	GlobalSection(SolutionConfigurationPlatforms) = preSolution
		Debug|Any CPU = Debug|Any CPU
		Release|Any CPU = Release|Any CPU
	EndGlobalSection
	GlobalSection(ProjectConfigurationPlatforms) = postSolution
		{2A493D9B-69BB-4617-AFC5-7CAF4926946F}.Debug|Any CPU.ActiveCfg = Debug|Any CPU
		{2A493D9B-69BB-4617-AFC5-7CAF4926946F}.Debug|Any CPU.Build.0 = Debug|Any CPU
		{2A493D9B-69BB-4617-AFC5-7CAF4926946F}.Release|Any CPU.ActiveCfg = Release|Any CPU
		{2A493D9B-69BB-4617-AFC5-7CAF4926946F}.Release|Any CPU.Build.0 = Release|Any CPU
		{CEBE4EDE-A1A7-4B7A-AB78-B929BC07C7BE}.Debug|Any CPU.ActiveCfg = Debug|Any CPU
		{CEBE4EDE-A1A7-4B7A-AB78-B929BC07C7BE}.Debug|Any CPU.Build.0 = Debug|Any CPU
		{CEBE4EDE-A1A7-4B7A-AB78-B929BC07C7BE}.Release|Any CPU.ActiveCfg = Release|Any CPU
		{CEBE4EDE-A1A7-4B7A-AB78-B929BC07C7BE}.Release|Any CPU.Build.0 = Release|Any CPU
	EndGlobalSection
	GlobalSection(SolutionProperties) = preSolution
		HideSolutionNode = FALSE
	EndGlobalSection
	GlobalSection(ExtensibilityGlobals) = postSolution
		SolutionGuid = {1CFDD504-3BA1-4189-832E-CC8CD79ABF4E}
	EndGlobalSection
EndGlobal
